
Microsoft Visual Studio Solution File, Format Version 12.00
# Visual Studio Version 16
VisualStudioVersion = 16.0.31702.278
MinimumVisualStudioVersion = 10.0.40219.1
Project("{FAE04EC0-301F-11D3-BF4B-00C04F79EFBC}") = "Algorithms", "Algorithms\Algorithms.csproj", "{C5B955E9-DBF3-4DD7-B251-8DB9DBCFB034}"
EndProject
Project("{2150E333-8FDC-42A3-9474-1A3956D46DE8}") = "src", "src", "{2614A95D-5A2A-4A74-89F4-EE441B2C232C}"
EndProject
Project("{2150E333-8FDC-42A3-9474-1A3956D46DE8}") = "tests", "tests", "{507DD4C5-8DFA-4DC0-B2A3-914DAD286E26}"
EndProject
Project("{FAE04EC0-301F-11D3-BF4B-00C04F79EFBC}") = "Algorithms.Tests", "Algorithms.Tests\Algorithms.Tests.csproj", "{3A1D8E82-D1E0-486E-905D-F723C8E01175}"
EndProject
Global
	GlobalSection(SolutionConfigurationPlatforms) = preSolution
		Debug|Any CPU = Debug|Any CPU
		Release|Any CPU = Release|Any CPU
	EndGlobalSection
	GlobalSection(ProjectConfigurationPlatforms) = postSolution
		{C5B955E9-DBF3-4DD7-B251-8DB9DBCFB034}.Debug|Any CPU.ActiveCfg = Debug|Any CPU
		{C5B955E9-DBF3-4DD7-B251-8DB9DBCFB034}.Debug|Any CPU.Build.0 = Debug|Any CPU
		{C5B955E9-DBF3-4DD7-B251-8DB9DBCFB034}.Release|Any CPU.ActiveCfg = Release|Any CPU
		{C5B955E9-DBF3-4DD7-B251-8DB9DBCFB034}.Release|Any CPU.Build.0 = Release|Any CPU
		{3A1D8E82-D1E0-486E-905D-F723C8E01175}.Debug|Any CPU.ActiveCfg = Debug|Any CPU
		{3A1D8E82-D1E0-486E-905D-F723C8E01175}.Debug|Any CPU.Build.0 = Debug|Any CPU
		{3A1D8E82-D1E0-486E-905D-F723C8E01175}.Release|Any CPU.ActiveCfg = Release|Any CPU
		{3A1D8E82-D1E0-486E-905D-F723C8E01175}.Release|Any CPU.Build.0 = Release|Any CPU
	EndGlobalSection
	GlobalSection(SolutionProperties) = preSolution
		HideSolutionNode = FALSE
	EndGlobalSection
	GlobalSection(NestedProjects) = preSolution
		{C5B955E9-DBF3-4DD7-B251-8DB9DBCFB034} = {2614A95D-5A2A-4A74-89F4-EE441B2C232C}
		{3A1D8E82-D1E0-486E-905D-F723C8E01175} = {507DD4C5-8DFA-4DC0-B2A3-914DAD286E26}
	EndGlobalSection
	GlobalSection(ExtensibilityGlobals) = postSolution
		SolutionGuid = {DE2C1BFC-009B-4341-96F0-0B32B86FC6F6}
	EndGlobalSection
EndGlobal
